
Microsoft Visual Studio Solution File, Format Version 12.00
# Visual Studio Version 17
VisualStudioVersion = 17.10.35122.118
MinimumVisualStudioVersion = 10.0.40219.1
Project("{FAE04EC0-301F-11D3-BF4B-00C04F79EFBC}") = "StrechRes", "StrechRes\StrechRes.csproj", "{5FCF5CB6-8808-4224-9B0B-B53F2D4247D4}"
EndProject
Global
	GlobalSection(SolutionConfigurationPlatforms) = preSolution
		Debug|Any CPU = Debug|Any CPU
		Release|Any CPU = Release|Any CPU
	EndGlobalSection
	GlobalSection(ProjectConfigurationPlatforms) = postSolution
		{5FCF5CB6-8808-4224-9B0B-B53F2D4247D4}.Debug|Any CPU.ActiveCfg = Debug|Any CPU
		{5FCF5CB6-8808-4224-9B0B-B53F2D4247D4}.Debug|Any CPU.Build.0 = Debug|Any CPU
		{5FCF5CB6-8808-4224-9B0B-B53F2D4247D4}.Release|Any CPU.ActiveCfg = Release|Any CPU
		{5FCF5CB6-8808-4224-9B0B-B53F2D4247D4}.Release|Any CPU.Build.0 = Release|Any CPU
	EndGlobalSection
	GlobalSection(SolutionProperties) = preSolution
		HideSolutionNode = FALSE
	EndGlobalSection
	GlobalSection(ExtensibilityGlobals) = postSolution
		SolutionGuid = {DC6F5E83-7132-4553-B96F-BF51203CF20D}
	EndGlobalSection
EndGlobal
